
Microsoft Visual Studio Solution File, Format Version 12.00
# Visual Studio 15
VisualStudioVersion = 15.0.28307.1259
MinimumVisualStudioVersion = 10.0.40219.1
Project("{FAE04EC0-301F-11D3-BF4B-00C04F79EFBC}") = "WebApplication", "WebApplication\WebApplication.csproj", "{F350D527-2FD7-45CE-936B-0C2BCC4CE04A}"
EndProject
Global
	GlobalSection(SolutionConfigurationPlatforms) = preSolution
		Debug|Any CPU = Debug|Any CPU
		Release|Any CPU = Release|Any CPU
	EndGlobalSection
	GlobalSection(ProjectConfigurationPlatforms) = postSolution
		{F350D527-2FD7-45CE-936B-0C2BCC4CE04A}.Debug|Any CPU.ActiveCfg = Debug|Any CPU
		{F350D527-2FD7-45CE-936B-0C2BCC4CE04A}.Debug|Any CPU.Build.0 = Debug|Any CPU
		{F350D527-2FD7-45CE-936B-0C2BCC4CE04A}.Release|Any CPU.ActiveCfg = Release|Any CPU
		{F350D527-2FD7-45CE-936B-0C2BCC4CE04A}.Release|Any CPU.Build.0 = Release|Any CPU
	EndGlobalSection
	GlobalSection(SolutionProperties) = preSolution
		HideSolutionNode = FALSE
	EndGlobalSection
	GlobalSection(ExtensibilityGlobals) = postSolution
		SolutionGuid = {A25DC4C3-9251-41BF-AE69-88A50200E8D5}
	EndGlobalSection
EndGlobal
